
Microsoft Visual Studio Solution File, Format Version 12.00
# Visual Studio Version 17
VisualStudioVersion = 17.4.33403.182
MinimumVisualStudioVersion = 10.0.40219.1
Project("{FAE04EC0-301F-11D3-BF4B-00C04F79EFBC}") = "MvcMovie", "MvcMovie\MvcMovie.csproj", "{FC928900-9C88-4C1C-906A-B131CE1FCEC4}"
EndProject
Global
	GlobalSection(SolutionConfigurationPlatforms) = preSolution
		Debug|Any CPU = Debug|Any CPU
		Release|Any CPU = Release|Any CPU
	EndGlobalSection
	GlobalSection(ProjectConfigurationPlatforms) = postSolution
		{FC928900-9C88-4C1C-906A-B131CE1FCEC4}.Debug|Any CPU.ActiveCfg = Debug|Any CPU
		{FC928900-9C88-4C1C-906A-B131CE1FCEC4}.Debug|Any CPU.Build.0 = Debug|Any CPU
		{FC928900-9C88-4C1C-906A-B131CE1FCEC4}.Release|Any CPU.ActiveCfg = Release|Any CPU
		{FC928900-9C88-4C1C-906A-B131CE1FCEC4}.Release|Any CPU.Build.0 = Release|Any CPU
	EndGlobalSection
	GlobalSection(SolutionProperties) = preSolution
		HideSolutionNode = FALSE
	EndGlobalSection
	GlobalSection(ExtensibilityGlobals) = postSolution
		SolutionGuid = {92B9781B-58F2-4BDC-8CCC-54AE5D2CA06B}
	EndGlobalSection
EndGlobal
